
Microsoft Visual Studio Solution File, Format Version 12.00
# Visual Studio Version 17
VisualStudioVersion = 17.8.34330.188
MinimumVisualStudioVersion = 10.0.40219.1
Project("{FAE04EC0-301F-11D3-BF4B-00C04F79EFBC}") = "Conr", "Conr\Conr.csproj", "{B3885D0B-18F3-4844-A083-913A9411AAC3}"
EndProject
Global
	GlobalSection(SolutionConfigurationPlatforms) = preSolution
		Debug|Any CPU = Debug|Any CPU
		Release|Any CPU = Release|Any CPU
	EndGlobalSection
	GlobalSection(ProjectConfigurationPlatforms) = postSolution
		{B3885D0B-18F3-4844-A083-913A9411AAC3}.Debug|Any CPU.ActiveCfg = Debug|Any CPU
		{B3885D0B-18F3-4844-A083-913A9411AAC3}.Debug|Any CPU.Build.0 = Debug|Any CPU
		{B3885D0B-18F3-4844-A083-913A9411AAC3}.Release|Any CPU.ActiveCfg = Release|Any CPU
		{B3885D0B-18F3-4844-A083-913A9411AAC3}.Release|Any CPU.Build.0 = Release|Any CPU
	EndGlobalSection
	GlobalSection(SolutionProperties) = preSolution
		HideSolutionNode = FALSE
	EndGlobalSection
	GlobalSection(ExtensibilityGlobals) = postSolution
		SolutionGuid = {98919426-8BBF-451A-BEB7-B5C823BF5FFF}
	EndGlobalSection
EndGlobal
